
Microsoft Visual Studio Solution File, Format Version 12.00
# Visual Studio Version 17
VisualStudioVersion = 17.4.33213.308
MinimumVisualStudioVersion = 10.0.40219.1
Project("{9A19103F-16F7-4668-BE54-9A1E7A4F7556}") = "SemesterProjekt 2", "SemesterProjekt 2\SemesterProjekt 2.csproj", "{D9E9A697-4A5F-4920-984D-135F4A50A8D5}"
EndProject
Project("{FAE04EC0-301F-11D3-BF4B-00C04F79EFBC}") = "Test Jordnær", "Test Jordnær\Test Jordnær.csproj", "{33A2DDAC-C574-45D1-BE53-EF865CA9CA0C}"
EndProject
Global
	GlobalSection(SolutionConfigurationPlatforms) = preSolution
		Debug|Any CPU = Debug|Any CPU
		Release|Any CPU = Release|Any CPU
	EndGlobalSection
	GlobalSection(ProjectConfigurationPlatforms) = postSolution
		{D9E9A697-4A5F-4920-984D-135F4A50A8D5}.Debug|Any CPU.ActiveCfg = Debug|Any CPU
		{D9E9A697-4A5F-4920-984D-135F4A50A8D5}.Debug|Any CPU.Build.0 = Debug|Any CPU
		{D9E9A697-4A5F-4920-984D-135F4A50A8D5}.Release|Any CPU.ActiveCfg = Release|Any CPU
		{D9E9A697-4A5F-4920-984D-135F4A50A8D5}.Release|Any CPU.Build.0 = Release|Any CPU
		{33A2DDAC-C574-45D1-BE53-EF865CA9CA0C}.Debug|Any CPU.ActiveCfg = Debug|Any CPU
		{33A2DDAC-C574-45D1-BE53-EF865CA9CA0C}.Debug|Any CPU.Build.0 = Debug|Any CPU
		{33A2DDAC-C574-45D1-BE53-EF865CA9CA0C}.Release|Any CPU.ActiveCfg = Release|Any CPU
		{33A2DDAC-C574-45D1-BE53-EF865CA9CA0C}.Release|Any CPU.Build.0 = Release|Any CPU
	EndGlobalSection
	GlobalSection(SolutionProperties) = preSolution
		HideSolutionNode = FALSE
	EndGlobalSection
	GlobalSection(ExtensibilityGlobals) = postSolution
		SolutionGuid = {EEA69049-3792-4198-A05E-0BBF73A7C7E5}
	EndGlobalSection
EndGlobal
